
Microsoft Visual Studio Solution File, Format Version 12.00
# Visual Studio 15
VisualStudioVersion = 15.0.27703.2047
MinimumVisualStudioVersion = 10.0.40219.1
Project("{FAE04EC0-301F-11D3-BF4B-00C04F79EFBC}") = "BanjoBotCore", "BanjoBotCore\BanjoBotCore.csproj", "{CAEA89EF-6A2E-4012-8764-7257E74A92D6}"
EndProject
Global
	GlobalSection(SolutionConfigurationPlatforms) = preSolution
		Debug|Any CPU = Debug|Any CPU
		Release|Any CPU = Release|Any CPU
	EndGlobalSection
	GlobalSection(ProjectConfigurationPlatforms) = postSolution
		{CAEA89EF-6A2E-4012-8764-7257E74A92D6}.Debug|Any CPU.ActiveCfg = Debug|Any CPU
		{CAEA89EF-6A2E-4012-8764-7257E74A92D6}.Debug|Any CPU.Build.0 = Debug|Any CPU
		{CAEA89EF-6A2E-4012-8764-7257E74A92D6}.Release|Any CPU.ActiveCfg = Release|Any CPU
		{CAEA89EF-6A2E-4012-8764-7257E74A92D6}.Release|Any CPU.Build.0 = Release|Any CPU
	EndGlobalSection
	GlobalSection(SolutionProperties) = preSolution
		HideSolutionNode = FALSE
	EndGlobalSection
	GlobalSection(ExtensibilityGlobals) = postSolution
		SolutionGuid = {0708D3A7-249E-4ED3-94BD-BD7DF6F18387}
	EndGlobalSection
EndGlobal
